// !$*UTF8*$!
{
	archiveVersion = 1;
	classes = {
	};
	objectVersion = 46;
	objects = {

/* Begin PBXBuildFile section */
		598B31C31F30C23400B9BBC6 /* main.m in Sources */ = {isa = PBXBuildFile; fileRef = 598B31C21F30C23400B9BBC6 /* main.m */; };
		598B31C61F30C23400B9BBC6 /* AppDelegate.m in Sources */ = {isa = PBXBuildFile; fileRef = 598B31C51F30C23400B9BBC6 /* AppDelegate.m */; };
		598B31C81F30C23400B9BBC6 /* Titti Note-Prefix.pch in Resources */ = {isa = PBXBuildFile; fileRef = 598B31C71F30C23400B9BBC6 /* Titti Note-Prefix.pch */; };
		598B31CA1F30C23400B9BBC6 /* Assets.xcassets in Resources */ = {isa = PBXBuildFile; fileRef = 598B31C91F30C23400B9BBC6 /* Assets.xcassets */; };
		598B31CD1F30C23400B9BBC6 /* LaunchScreen.storyboard in Resources */ = {isa = PBXBuildFile; fileRef = 598B31CB1F30C23400B9BBC6 /* LaunchScreen.storyboard */; };
/* End PBXBuildFile section */

/* Begin PBXFileReference section */
		598B31BE1F30C23400B9BBC6 /* Titti Note.app */ = {isa = PBXFileReference; explicitFileType = wrapper.application; includeInIndex = 0; path = "Titti Note.app"; sourceTree = BUILT_PRODUCTS_DIR; };
		598B31C21F30C23400B9BBC6 /* main.m */ = {isa = PBXFileReference; lastKnownFileType = sourcecode.c.objc; path = main.m; sourceTree = "<group>"; };
		598B31C41F30C23400B9BBC6 /* AppDelegate.h */ = {isa = PBXFileReference; lastKnownFileType = sourcecode.c.h; path = AppDelegate.h; sourceTree = "<group>"; };
		598B31C51F30C23400B9BBC6 /* AppDelegate.m */ = {isa = PBXFileReference; lastKnownFileType = sourcecode.c.objc; path = AppDelegate.m; sourceTree = "<group>"; };
		598B31C71F30C23400B9BBC6 /* Titti Note-Prefix.pch */ = {isa = PBXFileReference; lastKnownFileType = sourcecode.c.h; path = "Titti Note-Prefix.pch"; sourceTree = "<group>"; };
		598B31C91F30C23400B9BBC6 /* Assets.xcassets */ = {isa = PBXFileReference; lastKnownFileType = folder.assetcatalog; path = Assets.xcassets; sourceTree = "<group>"; };
		598B31CC1F30C23400B9BBC6 /* Base */ = {isa = PBXFileReference; lastKnownFileType = file.storyboard; name = Base; path = Base.lproj/LaunchScreen.storyboard; sourceTree = "<group>"; };
		598B31CE1F30C23400B9BBC6 /* Info.plist */ = {isa = PBXFileReference; lastKnownFileType = text.plist.xml; path = Info.plist; sourceTree = "<group>"; };
/* End PBXFileReference section */

/* Begin PBXFrameworksBuildPhase section */
		598B31BB1F30C23400B9BBC6 /* Frameworks */ = {
			isa = PBXFrameworksBuildPhase;
			buildActionMask = 2147483647;
			files = (
			);
			runOnlyForDeploymentPostprocessing = 0;
		};
/* End PBXFrameworksBuildPhase section */

/* Begin PBXGroup section */
		598B31B51F30C23400B9BBC6 = {
			isa = PBXGroup;
			children = (
				598B31C01F30C23400B9BBC6 /* Titti Note */,
				598B31BF1F30C23400B9BBC6 /* Products */,
			);
			sourceTree = "<group>";
		};
		598B31BF1F30C23400B9BBC6 /* Products */ = {
			isa = PBXGroup;
			children = (
				598B31BE1F30C23400B9BBC6 /* Titti Note.app */,
			);
			name = Products;
			sourceTree = "<group>";
		};
		598B31C01F30C23400B9BBC6 /* Titti Note */ = {
			isa = PBXGroup;
			children = (
				598B31C41F30C23400B9BBC6 /* AppDelegate.h */,
				598B31C51F30C23400B9BBC6 /* AppDelegate.m */,
				598B31C71F30C23400B9BBC6 /* Titti Note-Prefix.pch */,
				598B31C91F30C23400B9BBC6 /* Assets.xcassets */,
				598B31CB1F30C23400B9BBC6 /* LaunchScreen.storyboard */,
				598B31CE1F30C23400B9BBC6 /* Info.plist */,
				598B31C11F30C23400B9BBC6 /* Supporting Files */,
			);
			path = "Titti Note";
			sourceTree = "<group>";
		};
		598B31C11F30C23400B9BBC6 /* Supporting Files */ = {
			isa = PBXGroup;
			children = (
				598B31C21F30C23400B9BBC6 /* main.m */,
			);
			name = "Supporting Files";
			sourceTree = "<group>";
		};
/* End PBXGroup section */

/* Begin PBXNativeTarget section */
		598B31BD1F30C23400B9BBC6 /* Titti Note */ = {
			isa = PBXNativeTarget;
			buildConfigurationList = 598B31D11F30C23400B9BBC6 /* Build configuration list for PBXNativeTarget "Titti Note" */;
			buildPhases = (
				598B31BA1F30C23400B9BBC6 /* Sources */,
				598B31BB1F30C23400B9BBC6 /* Frameworks */,
				598B31BC1F30C23400B9BBC6 /* Resources */,
			);
			buildRules = (
			);
			dependencies = (
			);
			name = "Titti Note";
			productName = "Titti Note";
			productReference = 598B31BE1F30C23400B9BBC6 /* Titti Note.app */;
			productType = "com.apple.product-type.application";
		};
/* End PBXNativeTarget section */

/* Begin PBXProject section */
		598B31B61F30C23400B9BBC6 /* Project object */ = {
			isa = PBXProject;
			attributes = {
				LastUpgradeCheck = 0730;
				ORGANIZATIONNAME = itsasoftware;
				TargetAttributes = {
					598B31BD1F30C23400B9BBC6 = {
						CreatedOnToolsVersion = 7.3.1;
					};
				};
			};
			buildConfigurationList = 598B31B91F30C23400B9BBC6 /* Build configuration list for PBXProject "Titti Note" */;
			compatibilityVersion = "Xcode 3.2";
			developmentRegion = English;
			hasScannedForEncodings = 0;
			knownRegions = (
				en,
				Base,
			);
			mainGroup = 598B31B51F30C23400B9BBC6;
			productRefGroup = 598B31BF1F30C23400B9BBC6 /* Products */;
			projectDirPath = "";
			projectRoot = "";
			targets = (
				598B31BD1F30C23400B9BBC6 /* Titti Note */,
			);
		};
/* End PBXProject section */

/* Begin PBXResourcesBuildPhase section */
		598B31BC1F30C23400B9BBC6 /* Resources */ = {
			isa = PBXResourcesBuildPhase;
			buildActionMask = 2147483647;
			files = (
				598B31CD1F30C23400B9BBC6 /* LaunchScreen.storyboard in Resources */,
				598B31CA1F30C23400B9BBC6 /* Assets.xcassets in Resources */,
				598B31C81F30C23400B9BBC6 /* Titti Note-Prefix.pch in Resources */,
			);
			runOnlyForDeploymentPostprocessing = 0;
		};
/* End PBXResourcesBuildPhase section */

/* Begin PBXSourcesBuildPhase section */
		598B31BA1F30C23400B9BBC6 /* Sources */ = {
			isa = PBXSourcesBuildPhase;
			buildActionMask = 2147483647;
			files = (
				598B31C61F30C23400B9BBC6 /* AppDelegate.m in Sources */,
				598B31C31F30C23400B9BBC6 /* main.m in Sources */,
			);
			runOnlyForDeploymentPostprocessing = 0;
		};
/* End PBXSourcesBuildPhase section */

/* Begin PBXVariantGroup section */
		598B31CB1F30C23400B9BBC6 /* LaunchScreen.storyboard */ = {
			isa = PBXVariantGroup;
			children = (
				598B31CC1F30C23400B9BBC6 /* Base */,
			);
			name = LaunchScreen.storyboard;
			sourceTree = "<group>";
		};
/* End PBXVariantGroup section */

/* Begin XCBuildConfiguration section */
		598B31CF1F30C23400B9BBC6 /* Debug */ = {
			isa = XCBuildConfiguration;
			buildSettings = {
				ALWAYS_SEARCH_USER_PATHS = NO;
				CLANG_ANALYZER_NONNULL = YES;
				CLANG_CXX_LANGUAGE_STANDARD = "gnu++0x";
				CLANG_CXX_LIBRARY = "libc++";
				CLANG_ENABLE_MODULES = YES;
				CLANG_ENABLE_OBJC_ARC = YES;
				CLANG_WARN_BOOL_CONVERSION = YES;
				CLANG_WARN_CONSTANT_CONVERSION = YES;
				CLANG_WARN_DIRECT_OBJC_ISA_USAGE = YES_ERROR;
				CLANG_WARN_EMPTY_BODY = YES;
				CLANG_WARN_ENUM_CONVERSION = YES;
				CLANG_WARN_INT_CONVERSION = YES;
				CLANG_WARN_OBJC_ROOT_CLASS = YES_ERROR;
				CLANG_WARN_UNREACHABLE_CODE = YES;
				CLANG_WARN__DUPLICATE_METHOD_MATCH = YES;
				"CODE_SIGN_IDENTITY[sdk=iphoneos*]" = "iPhone Developer";
				COPY_PHASE_STRIP = NO;
				DEBUG_INFORMATION_FORMAT = dwarf;
				ENABLE_STRICT_OBJC_MSGSEND = YES;
				ENABLE_TESTABILITY = YES;
				GCC_C_LANGUAGE_STANDARD = gnu99;
				GCC_DYNAMIC_NO_PIC = NO;
				GCC_NO_COMMON_BLOCKS = YES;
				GCC_OPTIMIZATION_LEVEL = 0;
				GCC_PREPROCESSOR_DEFINITIONS = (
					"DEBUG=1",
					"$(inherited)",
				);
				GCC_WARN_64_TO_32_BIT_CONVERSION = YES;
				GCC_WARN_ABOUT_RETURN_TYPE = YES_ERROR;
				GCC_WARN_UNDECLARED_SELECTOR = YES;
				GCC_WARN_UNINITIALIZED_AUTOS = YES_AGGRESSIVE;
				GCC_WARN_UNUSED_FUNCTION = YES;
				GCC_WARN_UNUSED_VARIABLE = YES;
				IPHONEOS_DEPLOYMENT_TARGET = 9.3;
				MTL_ENABLE_DEBUG_INFO = YES;
				ONLY_ACTIVE_ARCH = YES;
				SDKROOT = iphoneos;
				TARGETED_DEVICE_FAMILY = "1,2";
			};
			name = Debug;
		};
		598B31D01F30C23400B9BBC6 /* Release */ = {
			isa = XCBuildConfiguration;
			buildSettings = {
				ALWAYS_SEARCH_USER_PATHS = NO;
				CLANG_ANALYZER_NONNULL = YES;
				CLANG_CXX_LANGUAGE_STANDARD = "gnu++0x";
				CLANG_CXX_LIBRARY = "libc++";
				CLANG_ENABLE_MODULES = YES;
				CLANG_ENABLE_OBJC_ARC = YES;
				CLANG_WARN_BOOL_CONVERSION = YES;
				CLANG_WARN_CONSTANT_CONVERSION = YES;
				CLANG_WARN_DIRECT_OBJC_ISA_USAGE = YES_ERROR;
				CLANG_WARN_EMPTY_BODY = YES;
				CLANG_WARN_ENUM_CONVERSION = YES;
				CLANG_WARN_INT_CONVERSION = YES;
				CLANG_WARN_OBJC_ROOT_CLASS = YES_ERROR;
				CLANG_WARN_UNREACHABLE_CODE = YES;
				CLANG_WARN__DUPLICATE_METHOD_MATCH = YES;
				"CODE_SIGN_IDENTITY[sdk=iphoneos*]" = "iPhone Developer";
				COPY_PHASE_STRIP = NO;
				DEBUG_INFORMATION_FORMAT = "dwarf-with-dsym";
				ENABLE_NS_ASSERTIONS = NO;
				ENABLE_STRICT_OBJC_MSGSEND = YES;
				GCC_C_LANGUAGE_STANDARD = gnu99;
				GCC_NO_COMMON_BLOCKS = YES;
				GCC_WARN_64_TO_32_BIT_CONVERSION = YES;
				GCC_WARN_ABOUT_RETURN_TYPE = YES_ERROR;
				GCC_WARN_UNDECLARED_SELECTOR = YES;
				GCC_WARN_UNINITIALIZED_AUTOS = YES_AGGRESSIVE;
				GCC_WARN_UNUSED_FUNCTION = YES;
				GCC_WARN_UNUSED_VARIABLE = YES;
				IPHONEOS_DEPLOYMENT_TARGET = 9.3;
				MTL_ENABLE_DEBUG_INFO = NO;
				SDKROOT = iphoneos;
				TARGETED_DEVICE_FAMILY = "1,2";
				VALIDATE_PRODUCT = YES;
			};
			name = Release;
		};
		598B31D21F30C23400B9BBC6 /* Debug */ = {
			isa = XCBuildConfiguration;
			buildSettings = {
				ASSETCATALOG_COMPILER_APPICON_NAME = AppIcon;
				INFOPLIST_FILE = "Titti Note/Info.plist";
				LD_RUNPATH_SEARCH_PATHS = "$(inherited) @executable_path/Frameworks";
				PRODUCT_BUNDLE_IDENTIFIER = "com.itsasoftware.Titti-Note";
				PRODUCT_NAME = "$(TARGET_NAME)";
			};
			name = Debug;
		};
		598B31D31F30C23400B9BBC6 /* Release */ = {
			isa = XCBuildConfiguration;
			buildSettings = {
				ASSETCATALOG_COMPILER_APPICON_NAME = AppIcon;
				INFOPLIST_FILE = "Titti Note/Info.plist";
				LD_RUNPATH_SEARCH_PATHS = "$(inherited) @executable_path/Frameworks";
				PRODUCT_BUNDLE_IDENTIFIER = "com.itsasoftware.Titti-Note";
				PRODUCT_NAME = "$(TARGET_NAME)";
			};
			name = Release;
		};
/* End XCBuildConfiguration section */

/* Begin XCConfigurationList section */
		598B31B91F30C23400B9BBC6 /* Build configuration list for PBXProject "Titti Note" */ = {
			isa = XCConfigurationList;
			buildConfigurations = (
				598B31CF1F30C23400B9BBC6 /* Debug */,
				598B31D01F30C23400B9BBC6 /* Release */,
			);
			defaultConfigurationIsVisible = 0;
			defaultConfigurationName = Release;
		};
		598B31D11F30C23400B9BBC6 /* Build configuration list for PBXNativeTarget "Titti Note" */ = {
			isa = XCConfigurationList;
			buildConfigurations = (
				598B31D21F30C23400B9BBC6 /* Debug */,
				598B31D31F30C23400B9BBC6 /* Release */,
			);
			defaultConfigurationIsVisible = 0;
		};
/* End XCConfigurationList section */
	};
	rootObject = 598B31B61F30C23400B9BBC6 /* Project object */;
}
